
Microsoft Visual Studio Solution File, Format Version 12.00
# Visual Studio Version 16
VisualStudioVersion = 16.0.29728.190
MinimumVisualStudioVersion = 10.0.40219.1
Project("{FAE04EC0-301F-11D3-BF4B-00C04F79EFBC}") = "Guessing", "Guessing.csproj", "{85B261F7-9D0F-4337-A2C6-A9B2786A7AC9}"
EndProject
Global
	GlobalSection(SolutionConfigurationPlatforms) = preSolution
		Debug|Any CPU = Debug|Any CPU
		Release|Any CPU = Release|Any CPU
	EndGlobalSection
	GlobalSection(ProjectConfigurationPlatforms) = postSolution
		{85B261F7-9D0F-4337-A2C6-A9B2786A7AC9}.Debug|Any CPU.ActiveCfg = Debug|Any CPU
		{85B261F7-9D0F-4337-A2C6-A9B2786A7AC9}.Debug|Any CPU.Build.0 = Debug|Any CPU
		{85B261F7-9D0F-4337-A2C6-A9B2786A7AC9}.Release|Any CPU.ActiveCfg = Release|Any CPU
		{85B261F7-9D0F-4337-A2C6-A9B2786A7AC9}.Release|Any CPU.Build.0 = Release|Any CPU
	EndGlobalSection
	GlobalSection(SolutionProperties) = preSolution
		HideSolutionNode = FALSE
	EndGlobalSection
	GlobalSection(ExtensibilityGlobals) = postSolution
		SolutionGuid = {38DF0B85-EA6A-42C2-B17A-22E374830001}
	EndGlobalSection
EndGlobal
